
Microsoft Visual Studio Solution File, Format Version 12.00
# Visual Studio Version 17
VisualStudioVersion = 17.11.35327.3
MinimumVisualStudioVersion = 10.0.40219.1
Project("{8BC9CEB8-8B4A-11D0-8D11-00A0C91BC942}") = "November19_2024-COSC2436-some basic recursive functions", "November19_2024-COSC2436\November19_2024-COSC2436.vcxproj", "{09422DE1-B6FD-4171-8C99-CE6DA4140D4E}"
EndProject
Project("{8BC9CEB8-8B4A-11D0-8D11-00A0C91BC942}") = "Nov 21 - demoing Hanoi recursive algorithm", "Nov 21 - demoing Hanoi recursive algorithm\Nov 21 - demoing Hanoi recursive algorithm.vcxproj", "{75781D3D-7636-491A-B00A-8C3645C09B13}"
EndProject
Project("{8BC9CEB8-8B4A-11D0-8D11-00A0C91BC942}") = "Nov 21 - demoing quicksort", "Nov 21 - demoing quicksort\Nov 21 - demoing quicksort.vcxproj", "{96CEE192-4D44-4C73-A372-B00E6FFB9AB6}"
EndProject
Global
	GlobalSection(SolutionConfigurationPlatforms) = preSolution
		Debug|x64 = Debug|x64
		Debug|x86 = Debug|x86
		Release|x64 = Release|x64
		Release|x86 = Release|x86
	EndGlobalSection
	GlobalSection(ProjectConfigurationPlatforms) = postSolution
		{09422DE1-B6FD-4171-8C99-CE6DA4140D4E}.Debug|x64.ActiveCfg = Debug|x64
		{09422DE1-B6FD-4171-8C99-CE6DA4140D4E}.Debug|x64.Build.0 = Debug|x64
		{09422DE1-B6FD-4171-8C99-CE6DA4140D4E}.Debug|x86.ActiveCfg = Debug|Win32
		{09422DE1-B6FD-4171-8C99-CE6DA4140D4E}.Debug|x86.Build.0 = Debug|Win32
		{09422DE1-B6FD-4171-8C99-CE6DA4140D4E}.Release|x64.ActiveCfg = Release|x64
		{09422DE1-B6FD-4171-8C99-CE6DA4140D4E}.Release|x64.Build.0 = Release|x64
		{09422DE1-B6FD-4171-8C99-CE6DA4140D4E}.Release|x86.ActiveCfg = Release|Win32
		{09422DE1-B6FD-4171-8C99-CE6DA4140D4E}.Release|x86.Build.0 = Release|Win32
		{75781D3D-7636-491A-B00A-8C3645C09B13}.Debug|x64.ActiveCfg = Debug|x64
		{75781D3D-7636-491A-B00A-8C3645C09B13}.Debug|x64.Build.0 = Debug|x64
		{75781D3D-7636-491A-B00A-8C3645C09B13}.Debug|x86.ActiveCfg = Debug|Win32
		{75781D3D-7636-491A-B00A-8C3645C09B13}.Debug|x86.Build.0 = Debug|Win32
		{75781D3D-7636-491A-B00A-8C3645C09B13}.Release|x64.ActiveCfg = Release|x64
		{75781D3D-7636-491A-B00A-8C3645C09B13}.Release|x64.Build.0 = Release|x64
		{75781D3D-7636-491A-B00A-8C3645C09B13}.Release|x86.ActiveCfg = Release|Win32
		{75781D3D-7636-491A-B00A-8C3645C09B13}.Release|x86.Build.0 = Release|Win32
		{96CEE192-4D44-4C73-A372-B00E6FFB9AB6}.Debug|x64.ActiveCfg = Debug|x64
		{96CEE192-4D44-4C73-A372-B00E6FFB9AB6}.Debug|x64.Build.0 = Debug|x64
		{96CEE192-4D44-4C73-A372-B00E6FFB9AB6}.Debug|x86.ActiveCfg = Debug|Win32
		{96CEE192-4D44-4C73-A372-B00E6FFB9AB6}.Debug|x86.Build.0 = Debug|Win32
		{96CEE192-4D44-4C73-A372-B00E6FFB9AB6}.Release|x64.ActiveCfg = Release|x64
		{96CEE192-4D44-4C73-A372-B00E6FFB9AB6}.Release|x64.Build.0 = Release|x64
		{96CEE192-4D44-4C73-A372-B00E6FFB9AB6}.Release|x86.ActiveCfg = Release|Win32
		{96CEE192-4D44-4C73-A372-B00E6FFB9AB6}.Release|x86.Build.0 = Release|Win32
	EndGlobalSection
	GlobalSection(SolutionProperties) = preSolution
		HideSolutionNode = FALSE
	EndGlobalSection
	GlobalSection(ExtensibilityGlobals) = postSolution
		SolutionGuid = {8562D5DE-4074-480C-A3FC-8746532A85A7}
	EndGlobalSection
EndGlobal
